{
  "name": "raiweb",
  "version": "1.0.0",
  "dependencies": {
    "angular": {
      "version": "1.6.4",
      "from": "angular@^1.5.6",
      "resolved": "https://registry.npmjs.org/angular/-/angular-1.6.4.tgz"
    },
    "angular-animate": {
      "version": "1.6.4",
      "from": "angular-animate@^1.5.7",
      "resolved": "https://registry.npmjs.org/angular-animate/-/angular-animate-1.6.4.tgz"
    },
    "angular-cookies": {
      "version": "1.6.4",
      "from": "angular-cookies@^1.5.8",
      "resolved": "https://registry.npmjs.org/angular-cookies/-/angular-cookies-1.6.4.tgz"
    },
    "angular-daterangepicker": {
      "version": "0.2.3-alpha1",
      "from": "angular-daterangepicker@latest",
      "resolved": "https://registry.npmjs.org/angular-daterangepicker/-/angular-daterangepicker-0.2.3-alpha1.tgz"
    },
    "angular-mock": {
      "version": "1.0.0",
      "from": "angular-mock@^1.0.0",
      "resolved": "https://registry.npmjs.org/angular-mock/-/angular-mock-1.0.0.tgz"
    },
    "angular-sanitize": {
      "version": "1.6.4",
      "from": "angular-sanitize@^1.5.6",
      "resolved": "https://registry.npmjs.org/angular-sanitize/-/angular-sanitize-1.6.4.tgz"
    },
    "angular-ui-bootstrap": {
      "version": "2.5.0",
      "from": "angular-ui-bootstrap@^2.2.0",
      "resolved": "https://registry.npmjs.org/angular-ui-bootstrap/-/angular-ui-bootstrap-2.5.0.tgz"
    },
    "angular-ui-router": {
      "version": "0.3.2",
      "from": "angular-ui-router@^0.3.0",
      "resolved": "https://registry.npmjs.org/angular-ui-router/-/angular-ui-router-0.3.2.tgz"
    },
    "bootstrap": {
      "version": "3.3.7",
      "from": "bootstrap@^3.3.6",
      "resolved": "https://registry.npmjs.org/bootstrap/-/bootstrap-3.3.7.tgz"
    },
    "bootstrap-daterangepicker": {
      "version": "2.1.25",
      "from": "bootstrap-daterangepicker@>=2.0.0 <3.0.0",
      "resolved": "https://registry.npmjs.org/bootstrap-daterangepicker/-/bootstrap-daterangepicker-2.1.25.tgz"
    },
    "bootstrap-social": {
      "version": "5.1.1",
      "from": "bootstrap-social@^5.0.0",
      "resolved": "https://registry.npmjs.org/bootstrap-social/-/bootstrap-social-5.1.1.tgz"
    },
    "ckeditor": {
      "version": "4.6.2",
      "from": "ckeditor@^4.6.1",
      "resolved": "https://registry.npmjs.org/ckeditor/-/ckeditor-4.6.2.tgz"
    },
    "dotdotdot": {
      "version": "1.7.0",
      "from": "dotdotdot@^1.7.0",
      "resolved": "https://registry.npmjs.org/dotdotdot/-/dotdotdot-1.7.0.tgz"
    },
    "font-awesome": {
      "version": "4.7.0",
      "from": "font-awesome@^4.6.3",
      "resolved": "https://registry.npmjs.org/font-awesome/-/font-awesome-4.7.0.tgz"
    },
    "highlight.js": {
      "version": "9.10.0",
      "from": "highlight.js@^9.9.0",
      "resolved": "https://registry.npmjs.org/highlight.js/-/highlight.js-9.10.0.tgz"
    },
    "isotope-layout": {
      "version": "3.0.3",
      "from": "isotope-layout@^3.0.1",
      "resolved": "https://registry.npmjs.org/isotope-layout/-/isotope-layout-3.0.3.tgz",
      "dependencies": {
        "desandro-matches-selector": {
          "version": "2.0.2",
          "from": "desandro-matches-selector@^2.0.0",
          "resolved": "https://registry.npmjs.org/desandro-matches-selector/-/desandro-matches-selector-2.0.2.tgz"
        },
        "fizzy-ui-utils": {
          "version": "2.0.4",
          "from": "fizzy-ui-utils@^2.0.4",
          "resolved": "https://registry.npmjs.org/fizzy-ui-utils/-/fizzy-ui-utils-2.0.4.tgz"
        },
        "get-size": {
          "version": "2.0.2",
          "from": "get-size@^2.0.0",
          "resolved": "https://registry.npmjs.org/get-size/-/get-size-2.0.2.tgz"
        },
        "masonry-layout": {
          "version": "4.1.1",
          "from": "masonry-layout@^4.0.0",
          "resolved": "https://registry.npmjs.org/masonry-layout/-/masonry-layout-4.1.1.tgz"
        },
        "outlayer": {
          "version": "2.1.0",
          "from": "outlayer@^2.1.0",
          "resolved": "https://registry.npmjs.org/outlayer/-/outlayer-2.1.0.tgz",
          "dependencies": {
            "ev-emitter": {
              "version": "1.0.3",
              "from": "ev-emitter@^1.0.0",
              "resolved": "https://registry.npmjs.org/ev-emitter/-/ev-emitter-1.0.3.tgz"
            }
          }
        }
      }
    },
    "jquery": {
      "version": "2.2.4",
      "from": "jquery@^2.2.4",
      "resolved": "https://registry.npmjs.org/jquery/-/jquery-2.2.4.tgz"
    },
    "mathjax": {
      "version": "2.7.0",
      "from": "mathjax@^2.7.0",
      "resolved": "https://registry.npmjs.org/mathjax/-/mathjax-2.7.0.tgz"
    },
    "moment": {
      "version": "2.18.1",
      "from": "moment@>=2.9.0 <3.0.0",
      "resolved": "https://registry.npmjs.org/moment/-/moment-2.18.1.tgz"
    },
    "roboto-fontface": {
      "version": "0.7.0",
      "from": "roboto-fontface@^0.7.0",
      "resolved": "https://registry.npmjs.org/roboto-fontface/-/roboto-fontface-0.7.0.tgz"
    },
    "tinyscrollbar": {
      "version": "2.4.2",
      "from": "tinyscrollbar@^2.4.2",
      "resolved": "https://registry.npmjs.org/tinyscrollbar/-/tinyscrollbar-2.4.2.tgz"
    },
    "ui-select": {
      "version": "0.19.8",
      "from": "ui-select@latest",
      "resolved": "https://registry.npmjs.org/ui-select/-/ui-select-0.19.8.tgz"
    }
  }
}
